
Microsoft Visual Studio Solution File, Format Version 12.00
# Visual Studio 15
VisualStudioVersion = 15.0.27703.2042
MinimumVisualStudioVersion = 10.0.40219.1
Project("{8BC9CEB8-8B4A-11D0-8D11-00A0C91BC942}") = "20180820", "20180820\20180820.vcxproj", "{8939661E-A596-4A3A-A7D5-B42363C04A02}"
EndProject
Global
	GlobalSection(SolutionConfigurationPlatforms) = preSolution
		Debug|x64 = Debug|x64
		Debug|x86 = Debug|x86
		Release|x64 = Release|x64
		Release|x86 = Release|x86
	EndGlobalSection
	GlobalSection(ProjectConfigurationPlatforms) = postSolution
		{8939661E-A596-4A3A-A7D5-B42363C04A02}.Debug|x64.ActiveCfg = Debug|x64
		{8939661E-A596-4A3A-A7D5-B42363C04A02}.Debug|x64.Build.0 = Debug|x64
		{8939661E-A596-4A3A-A7D5-B42363C04A02}.Debug|x86.ActiveCfg = Debug|Win32
		{8939661E-A596-4A3A-A7D5-B42363C04A02}.Debug|x86.Build.0 = Debug|Win32
		{8939661E-A596-4A3A-A7D5-B42363C04A02}.Release|x64.ActiveCfg = Release|x64
		{8939661E-A596-4A3A-A7D5-B42363C04A02}.Release|x64.Build.0 = Release|x64
		{8939661E-A596-4A3A-A7D5-B42363C04A02}.Release|x86.ActiveCfg = Release|Win32
		{8939661E-A596-4A3A-A7D5-B42363C04A02}.Release|x86.Build.0 = Release|Win32
	EndGlobalSection
	GlobalSection(SolutionProperties) = preSolution
		HideSolutionNode = FALSE
	EndGlobalSection
	GlobalSection(ExtensibilityGlobals) = postSolution
		SolutionGuid = {AD0EA77C-DFBF-413E-8C9D-21C1121D8D96}
	EndGlobalSection
EndGlobal
